
Microsoft Visual Studio Solution File, Format Version 12.00
# Visual Studio 14
VisualStudioVersion = 14.0.25420.1
MinimumVisualStudioVersion = 10.0.40219.1
Project("{8BC9CEB8-8B4A-11D0-8D11-00A0C91BC942}") = "SYSU_GIS_YAO_x64", "SYSU_GIS_YAO_x64\SYSU_GIS_YAO_x64\SYSU_GIS_YAO_x64.vcxproj", "{B12702AD-ABFB-343A-A199-8E24837244A3}"
EndProject
Project("{8BC9CEB8-8B4A-11D0-8D11-00A0C91BC942}") = "TestConsole", "TestConsole\TestConsole\TestConsole.vcxproj", "{6A51F0CD-91CD-47E9-92EC-F92A8191CF5F}"
EndProject
Project("{8BC9CEB8-8B4A-11D0-8D11-00A0C91BC942}") = "WIFI_Indoor_Positioning", "WIFI_Indoor_Positioning\WIFI_Indoor_Positioning.vcxproj", "{EB9221FC-FC8F-4159-AFC0-31D3246E38CD}"
EndProject
Project("{8BC9CEB8-8B4A-11D0-8D11-00A0C91BC942}") = "DeviceSerialPortInfo", "DeviceSerialPortInfo\DeviceSerialPortInfo.vcxproj", "{CB2C78E7-460F-4F2F-87BB-9245D3B9112D}"
EndProject
Project("{8BC9CEB8-8B4A-11D0-8D11-00A0C91BC942}") = "Clustering_Code", "Clustering_code\Clustering_code.vcxproj", "{08B9BDC8-A3D7-43C3-A0DA-9C5C5A228DF5}"
EndProject
Project("{8BC9CEB8-8B4A-11D0-8D11-00A0C91BC942}") = "FaceDetection", "FaceDetection\FaceDetection.vcxproj", "{5E20F80A-D192-43C5-BBF4-CB9C3EC1337D}"
EndProject
Project("{8BC9CEB8-8B4A-11D0-8D11-00A0C91BC942}") = "InfoServer", "InfoServer\InfoServer.vcxproj", "{BCC6EE9C-53EB-4F0E-88E1-F4F2EFC91192}"
EndProject
Project("{8BC9CEB8-8B4A-11D0-8D11-00A0C91BC942}") = "InfoClient", "InfoClient\InfoClient.vcxproj", "{E749B232-0E21-456D-902B-1834D777C10F}"
EndProject
Project("{8BC9CEB8-8B4A-11D0-8D11-00A0C91BC942}") = "TestInfoMap", "TestInfoMap\TestInfoMap.vcxproj", "{4425DABB-3821-4177-A42C-B7504DDB3057}"
EndProject
Project("{8BC9CEB8-8B4A-11D0-8D11-00A0C91BC942}") = "ImageStatistical", "ImageStatistical\ImageStatistical.vcxproj", "{A934AA62-73AC-4AB8-8A64-C294C080D2D0}"
EndProject
Project("{8BC9CEB8-8B4A-11D0-8D11-00A0C91BC942}") = "SemanticSegmentation", "SemanticSegmentation\SemanticSegmentation.vcxproj", "{FB1FE532-FB8B-46BD-95AE-CE65C7EC4C11}"
EndProject
Project("{8BC9CEB8-8B4A-11D0-8D11-00A0C91BC942}") = "SemanticSegmentationTrainer", "SemanticSegmentationTrainer\SemanticSegmentationTrainer.vcxproj", "{BAD461BD-D699-4E95-903B-C46291444613}"
EndProject
Project("{8BC9CEB8-8B4A-11D0-8D11-00A0C91BC942}") = "GIST_x64", "GIST_x64\GIST_x64.vcxproj", "{EFD28204-046E-4684-9348-0FE014C5B14B}"
EndProject
Global
	GlobalSection(SolutionConfigurationPlatforms) = preSolution
		Debug|x64 = Debug|x64
		Debug|x86 = Debug|x86
		Release|x64 = Release|x64
		Release|x86 = Release|x86
	EndGlobalSection
	GlobalSection(ProjectConfigurationPlatforms) = postSolution
		{B12702AD-ABFB-343A-A199-8E24837244A3}.Debug|x64.ActiveCfg = Debug|x64
		{B12702AD-ABFB-343A-A199-8E24837244A3}.Debug|x64.Build.0 = Debug|x64
		{B12702AD-ABFB-343A-A199-8E24837244A3}.Debug|x86.ActiveCfg = Debug|x64
		{B12702AD-ABFB-343A-A199-8E24837244A3}.Release|x64.ActiveCfg = Release|x64
		{B12702AD-ABFB-343A-A199-8E24837244A3}.Release|x64.Build.0 = Release|x64
		{B12702AD-ABFB-343A-A199-8E24837244A3}.Release|x86.ActiveCfg = Release|x64
		{6A51F0CD-91CD-47E9-92EC-F92A8191CF5F}.Debug|x64.ActiveCfg = Debug|x64
		{6A51F0CD-91CD-47E9-92EC-F92A8191CF5F}.Debug|x64.Build.0 = Debug|x64
		{6A51F0CD-91CD-47E9-92EC-F92A8191CF5F}.Debug|x86.ActiveCfg = Debug|x64
		{6A51F0CD-91CD-47E9-92EC-F92A8191CF5F}.Release|x64.ActiveCfg = Release|x64
		{6A51F0CD-91CD-47E9-92EC-F92A8191CF5F}.Release|x64.Build.0 = Release|x64
		{6A51F0CD-91CD-47E9-92EC-F92A8191CF5F}.Release|x86.ActiveCfg = Release|x64
		{EB9221FC-FC8F-4159-AFC0-31D3246E38CD}.Debug|x64.ActiveCfg = Debug|x64
		{EB9221FC-FC8F-4159-AFC0-31D3246E38CD}.Debug|x64.Build.0 = Debug|x64
		{EB9221FC-FC8F-4159-AFC0-31D3246E38CD}.Debug|x86.ActiveCfg = Debug|x64
		{EB9221FC-FC8F-4159-AFC0-31D3246E38CD}.Release|x64.ActiveCfg = Release|x64
		{EB9221FC-FC8F-4159-AFC0-31D3246E38CD}.Release|x64.Build.0 = Release|x64
		{EB9221FC-FC8F-4159-AFC0-31D3246E38CD}.Release|x86.ActiveCfg = Release|x64
		{CB2C78E7-460F-4F2F-87BB-9245D3B9112D}.Debug|x64.ActiveCfg = Debug|x64
		{CB2C78E7-460F-4F2F-87BB-9245D3B9112D}.Debug|x64.Build.0 = Debug|x64
		{CB2C78E7-460F-4F2F-87BB-9245D3B9112D}.Debug|x86.ActiveCfg = Debug|x64
		{CB2C78E7-460F-4F2F-87BB-9245D3B9112D}.Release|x64.ActiveCfg = Release|x64
		{CB2C78E7-460F-4F2F-87BB-9245D3B9112D}.Release|x64.Build.0 = Release|x64
		{CB2C78E7-460F-4F2F-87BB-9245D3B9112D}.Release|x86.ActiveCfg = Release|x64
		{08B9BDC8-A3D7-43C3-A0DA-9C5C5A228DF5}.Debug|x64.ActiveCfg = Debug|x64
		{08B9BDC8-A3D7-43C3-A0DA-9C5C5A228DF5}.Debug|x64.Build.0 = Debug|x64
		{08B9BDC8-A3D7-43C3-A0DA-9C5C5A228DF5}.Debug|x86.ActiveCfg = Debug|x64
		{08B9BDC8-A3D7-43C3-A0DA-9C5C5A228DF5}.Release|x64.ActiveCfg = Release|x64
		{08B9BDC8-A3D7-43C3-A0DA-9C5C5A228DF5}.Release|x64.Build.0 = Release|x64
		{08B9BDC8-A3D7-43C3-A0DA-9C5C5A228DF5}.Release|x86.ActiveCfg = Release|x64
		{5E20F80A-D192-43C5-BBF4-CB9C3EC1337D}.Debug|x64.ActiveCfg = Debug|x64
		{5E20F80A-D192-43C5-BBF4-CB9C3EC1337D}.Debug|x64.Build.0 = Debug|x64
		{5E20F80A-D192-43C5-BBF4-CB9C3EC1337D}.Debug|x86.ActiveCfg = Debug|x64
		{5E20F80A-D192-43C5-BBF4-CB9C3EC1337D}.Release|x64.ActiveCfg = Release|x64
		{5E20F80A-D192-43C5-BBF4-CB9C3EC1337D}.Release|x64.Build.0 = Release|x64
		{5E20F80A-D192-43C5-BBF4-CB9C3EC1337D}.Release|x86.ActiveCfg = Release|x64
		{BCC6EE9C-53EB-4F0E-88E1-F4F2EFC91192}.Debug|x64.ActiveCfg = Debug|x64
		{BCC6EE9C-53EB-4F0E-88E1-F4F2EFC91192}.Debug|x64.Build.0 = Debug|x64
		{BCC6EE9C-53EB-4F0E-88E1-F4F2EFC91192}.Debug|x86.ActiveCfg = Debug|x64
		{BCC6EE9C-53EB-4F0E-88E1-F4F2EFC91192}.Release|x64.ActiveCfg = Release|x64
		{BCC6EE9C-53EB-4F0E-88E1-F4F2EFC91192}.Release|x64.Build.0 = Release|x64
		{BCC6EE9C-53EB-4F0E-88E1-F4F2EFC91192}.Release|x86.ActiveCfg = Release|x64
		{E749B232-0E21-456D-902B-1834D777C10F}.Debug|x64.ActiveCfg = Debug|x64
		{E749B232-0E21-456D-902B-1834D777C10F}.Debug|x64.Build.0 = Debug|x64
		{E749B232-0E21-456D-902B-1834D777C10F}.Debug|x86.ActiveCfg = Debug|x64
		{E749B232-0E21-456D-902B-1834D777C10F}.Release|x64.ActiveCfg = Release|x64
		{E749B232-0E21-456D-902B-1834D777C10F}.Release|x64.Build.0 = Release|x64
		{E749B232-0E21-456D-902B-1834D777C10F}.Release|x86.ActiveCfg = Release|x64
		{4425DABB-3821-4177-A42C-B7504DDB3057}.Debug|x64.ActiveCfg = Debug|x64
		{4425DABB-3821-4177-A42C-B7504DDB3057}.Debug|x64.Build.0 = Debug|x64
		{4425DABB-3821-4177-A42C-B7504DDB3057}.Debug|x86.ActiveCfg = Debug|x64
		{4425DABB-3821-4177-A42C-B7504DDB3057}.Release|x64.ActiveCfg = Release|x64
		{4425DABB-3821-4177-A42C-B7504DDB3057}.Release|x64.Build.0 = Release|x64
		{4425DABB-3821-4177-A42C-B7504DDB3057}.Release|x86.ActiveCfg = Release|x64
		{A934AA62-73AC-4AB8-8A64-C294C080D2D0}.Debug|x64.ActiveCfg = Debug|x64
		{A934AA62-73AC-4AB8-8A64-C294C080D2D0}.Debug|x64.Build.0 = Debug|x64
		{A934AA62-73AC-4AB8-8A64-C294C080D2D0}.Debug|x86.ActiveCfg = Debug|x64
		{A934AA62-73AC-4AB8-8A64-C294C080D2D0}.Release|x64.ActiveCfg = Release|x64
		{A934AA62-73AC-4AB8-8A64-C294C080D2D0}.Release|x64.Build.0 = Release|x64
		{A934AA62-73AC-4AB8-8A64-C294C080D2D0}.Release|x86.ActiveCfg = Release|x64
		{FB1FE532-FB8B-46BD-95AE-CE65C7EC4C11}.Debug|x64.ActiveCfg = Debug|x64
		{FB1FE532-FB8B-46BD-95AE-CE65C7EC4C11}.Debug|x64.Build.0 = Debug|x64
		{FB1FE532-FB8B-46BD-95AE-CE65C7EC4C11}.Debug|x86.ActiveCfg = Debug|x64
		{FB1FE532-FB8B-46BD-95AE-CE65C7EC4C11}.Release|x64.ActiveCfg = Release|x64
		{FB1FE532-FB8B-46BD-95AE-CE65C7EC4C11}.Release|x64.Build.0 = Release|x64
		{FB1FE532-FB8B-46BD-95AE-CE65C7EC4C11}.Release|x86.ActiveCfg = Release|x64
		{BAD461BD-D699-4E95-903B-C46291444613}.Debug|x64.ActiveCfg = Debug|x64
		{BAD461BD-D699-4E95-903B-C46291444613}.Debug|x64.Build.0 = Debug|x64
		{BAD461BD-D699-4E95-903B-C46291444613}.Debug|x86.ActiveCfg = Debug|x64
		{BAD461BD-D699-4E95-903B-C46291444613}.Release|x64.ActiveCfg = Release|x64
		{BAD461BD-D699-4E95-903B-C46291444613}.Release|x64.Build.0 = Release|x64
		{BAD461BD-D699-4E95-903B-C46291444613}.Release|x86.ActiveCfg = Release|x64
		{EFD28204-046E-4684-9348-0FE014C5B14B}.Debug|x64.ActiveCfg = Debug|x64
		{EFD28204-046E-4684-9348-0FE014C5B14B}.Debug|x64.Build.0 = Debug|x64
		{EFD28204-046E-4684-9348-0FE014C5B14B}.Debug|x86.ActiveCfg = Debug|Win32
		{EFD28204-046E-4684-9348-0FE014C5B14B}.Debug|x86.Build.0 = Debug|Win32
		{EFD28204-046E-4684-9348-0FE014C5B14B}.Release|x64.ActiveCfg = Release|x64
		{EFD28204-046E-4684-9348-0FE014C5B14B}.Release|x64.Build.0 = Release|x64
		{EFD28204-046E-4684-9348-0FE014C5B14B}.Release|x86.ActiveCfg = Release|Win32
		{EFD28204-046E-4684-9348-0FE014C5B14B}.Release|x86.Build.0 = Release|Win32
	EndGlobalSection
	GlobalSection(SolutionProperties) = preSolution
		HideSolutionNode = FALSE
	EndGlobalSection
EndGlobal
